
Microsoft Visual Studio Solution File, Format Version 12.00
# Visual Studio 15
VisualStudioVersion = 15.0.27703.2018
MinimumVisualStudioVersion = 10.0.40219.1
Project("{FAE04EC0-301F-11D3-BF4B-00C04F79EFBC}") = "ExcelDesign", "ExcelDesign\ExcelDesign.csproj", "{2E6DE7A0-2A22-4C33-802F-7403CB78E357}"
EndProject
Global
	GlobalSection(SolutionConfigurationPlatforms) = preSolution
		Debug|Any CPU = Debug|Any CPU
		Release|Any CPU = Release|Any CPU
	EndGlobalSection
	GlobalSection(ProjectConfigurationPlatforms) = postSolution
		{2E6DE7A0-2A22-4C33-802F-7403CB78E357}.Debug|Any CPU.ActiveCfg = Debug|Any CPU
		{2E6DE7A0-2A22-4C33-802F-7403CB78E357}.Debug|Any CPU.Build.0 = Debug|Any CPU
		{2E6DE7A0-2A22-4C33-802F-7403CB78E357}.Release|Any CPU.ActiveCfg = Release|Any CPU
		{2E6DE7A0-2A22-4C33-802F-7403CB78E357}.Release|Any CPU.Build.0 = Release|Any CPU
	EndGlobalSection
	GlobalSection(SolutionProperties) = preSolution
		HideSolutionNode = FALSE
	EndGlobalSection
	GlobalSection(ExtensibilityGlobals) = postSolution
		SolutionGuid = {86A4844D-A1B7-4D24-B801-0F35FF2380D0}
	EndGlobalSection
EndGlobal
